
Microsoft Visual Studio Solution File, Format Version 12.00
# Visual Studio 15
VisualStudioVersion = 15.0.28010.2026
MinimumVisualStudioVersion = 10.0.40219.1
Project("{FAE04EC0-301F-11D3-BF4B-00C04F79EFBC}") = "ShowRoomWinForm", "ShowRoomWinForm\ShowRoomWinForm.csproj", "{C0A25567-4F93-42CF-A50D-C6E202CB005E}"
EndProject
Global
	GlobalSection(SolutionConfigurationPlatforms) = preSolution
		Debug|Any CPU = Debug|Any CPU
		Release|Any CPU = Release|Any CPU
	EndGlobalSection
	GlobalSection(ProjectConfigurationPlatforms) = postSolution
		{C0A25567-4F93-42CF-A50D-C6E202CB005E}.Debug|Any CPU.ActiveCfg = Debug|Any CPU
		{C0A25567-4F93-42CF-A50D-C6E202CB005E}.Debug|Any CPU.Build.0 = Debug|Any CPU
		{C0A25567-4F93-42CF-A50D-C6E202CB005E}.Release|Any CPU.ActiveCfg = Release|Any CPU
		{C0A25567-4F93-42CF-A50D-C6E202CB005E}.Release|Any CPU.Build.0 = Release|Any CPU
	EndGlobalSection
	GlobalSection(SolutionProperties) = preSolution
		HideSolutionNode = FALSE
	EndGlobalSection
	GlobalSection(ExtensibilityGlobals) = postSolution
		SolutionGuid = {9867F5A6-0A6E-411D-8FC1-C96EB27A38AF}
	EndGlobalSection
EndGlobal
